
Microsoft Visual Studio Solution File, Format Version 12.00
# Visual Studio 15
VisualStudioVersion = 15.0.28307.421
MinimumVisualStudioVersion = 10.0.40219.1
Project("{FAE04EC0-301F-11D3-BF4B-00C04F79EFBC}") = "SampleAppForGit", "SampleAppForGit\SampleAppForGit.csproj", "{33378B13-62AB-4A80-B06C-27C045DFB044}"
EndProject
Global
	GlobalSection(SolutionConfigurationPlatforms) = preSolution
		Debug|Any CPU = Debug|Any CPU
		Release|Any CPU = Release|Any CPU
	EndGlobalSection
	GlobalSection(ProjectConfigurationPlatforms) = postSolution
		{33378B13-62AB-4A80-B06C-27C045DFB044}.Debug|Any CPU.ActiveCfg = Debug|Any CPU
		{33378B13-62AB-4A80-B06C-27C045DFB044}.Debug|Any CPU.Build.0 = Debug|Any CPU
		{33378B13-62AB-4A80-B06C-27C045DFB044}.Release|Any CPU.ActiveCfg = Release|Any CPU
		{33378B13-62AB-4A80-B06C-27C045DFB044}.Release|Any CPU.Build.0 = Release|Any CPU
	EndGlobalSection
	GlobalSection(SolutionProperties) = preSolution
		HideSolutionNode = FALSE
	EndGlobalSection
	GlobalSection(ExtensibilityGlobals) = postSolution
		SolutionGuid = {C56698BD-DC5A-4AD8-AF64-CCD7DF645486}
	EndGlobalSection
EndGlobal
